
Microsoft Visual Studio Solution File, Format Version 12.00
# Visual Studio Version 16
VisualStudioVersion = 16.0.31321.278
MinimumVisualStudioVersion = 10.0.40219.1
Project("{FAE04EC0-301F-11D3-BF4B-00C04F79EFBC}") = "Battleship.v1", "Battleship.v1\Battleship.v1.csproj", "{110991F4-340A-4225-90E1-CC51D41C7AED}"
EndProject
Global
	GlobalSection(SolutionConfigurationPlatforms) = preSolution
		Debug|Any CPU = Debug|Any CPU
		Release|Any CPU = Release|Any CPU
	EndGlobalSection
	GlobalSection(ProjectConfigurationPlatforms) = postSolution
		{110991F4-340A-4225-90E1-CC51D41C7AED}.Debug|Any CPU.ActiveCfg = Debug|Any CPU
		{110991F4-340A-4225-90E1-CC51D41C7AED}.Debug|Any CPU.Build.0 = Debug|Any CPU
		{110991F4-340A-4225-90E1-CC51D41C7AED}.Release|Any CPU.ActiveCfg = Release|Any CPU
		{110991F4-340A-4225-90E1-CC51D41C7AED}.Release|Any CPU.Build.0 = Release|Any CPU
	EndGlobalSection
	GlobalSection(SolutionProperties) = preSolution
		HideSolutionNode = FALSE
	EndGlobalSection
	GlobalSection(ExtensibilityGlobals) = postSolution
		SolutionGuid = {CA998949-A10B-4D25-B6DE-05EEDEF80E13}
	EndGlobalSection
EndGlobal
